// !$*UTF8*$!
{
	archiveVersion = 1;
	classes = {
	};
	objectVersion = 56;
	objects = {

/* Begin PBXBuildFile section */
		3303DE9129F7B57C00CD2E89 /* ViewTemplate.swift in Sources */ = {isa = PBXBuildFile; fileRef = 3303DE9029F7B57C00CD2E89 /* ViewTemplate.swift */; };
		33544ACE29F91A490038109E /* ViewMenu.swift in Sources */ = {isa = PBXBuildFile; fileRef = 33544ACD29F91A490038109E /* ViewMenu.swift */; };
		33720F6229FA4D7B005CFF99 /* ViewRealmCtrl.swift in Sources */ = {isa = PBXBuildFile; fileRef = 33720F6129FA4D7B005CFF99 /* ViewRealmCtrl.swift */; };
		3389B1A529EFB069009EA217 /* SelfLearnSpeakApp.swift in Sources */ = {isa = PBXBuildFile; fileRef = 3389B1A429EFB069009EA217 /* SelfLearnSpeakApp.swift */; };
		3389B1A729EFB069009EA217 /* ContentView.swift in Sources */ = {isa = PBXBuildFile; fileRef = 3389B1A629EFB069009EA217 /* ContentView.swift */; };
		3389B1A929EFB06C009EA217 /* Assets.xcassets in Resources */ = {isa = PBXBuildFile; fileRef = 3389B1A829EFB06C009EA217 /* Assets.xcassets */; };
		3389B1AC29EFB06C009EA217 /* Preview Assets.xcassets in Resources */ = {isa = PBXBuildFile; fileRef = 3389B1AB29EFB06C009EA217 /* Preview Assets.xcassets */; };
		3389B1B429EFB287009EA217 /* Realm in Frameworks */ = {isa = PBXBuildFile; productRef = 3389B1B329EFB287009EA217 /* Realm */; };
		3389B1B629EFB287009EA217 /* RealmSwift in Frameworks */ = {isa = PBXBuildFile; productRef = 3389B1B529EFB287009EA217 /* RealmSwift */; };
		3389B1BD29EFB88A009EA217 /* ViewWordsList.swift in Sources */ = {isa = PBXBuildFile; fileRef = 3389B1BC29EFB88A009EA217 /* ViewWordsList.swift */; };
		33B0288429F110FD003B55AD /* EnvironmentModel.swift in Sources */ = {isa = PBXBuildFile; fileRef = 33B0288329F110FD003B55AD /* EnvironmentModel.swift */; };
		33B0288629F115AA003B55AD /* ViewWordsListInsert.swift in Sources */ = {isa = PBXBuildFile; fileRef = 33B0288529F115AA003B55AD /* ViewWordsListInsert.swift */; };
		33B0288929F1294F003B55AD /* Alamofire in Frameworks */ = {isa = PBXBuildFile; productRef = 33B0288829F1294F003B55AD /* Alamofire */; };
		33B0288C29F12A27003B55AD /* Crypto in Frameworks */ = {isa = PBXBuildFile; productRef = 33B0288B29F12A27003B55AD /* Crypto */; };
		33B0289129F12CD7003B55AD /* CryptoSwift in Frameworks */ = {isa = PBXBuildFile; productRef = 33B0289029F12CD7003B55AD /* CryptoSwift */; };
		33B0289329F29298003B55AD /* BaiduFanyiAPI.swift in Sources */ = {isa = PBXBuildFile; fileRef = 33B0289229F29298003B55AD /* BaiduFanyiAPI.swift */; };
		33B0289529F29537003B55AD /* ItemDetailsView.swift in Sources */ = {isa = PBXBuildFile; fileRef = 33B0289429F29537003B55AD /* ItemDetailsView.swift */; };
/* End PBXBuildFile section */

/* Begin PBXFileReference section */
		3303DE9029F7B57C00CD2E89 /* ViewTemplate.swift */ = {isa = PBXFileReference; lastKnownFileType = sourcecode.swift; path = ViewTemplate.swift; sourceTree = "<group>"; };
		33544ACD29F91A490038109E /* ViewMenu.swift */ = {isa = PBXFileReference; lastKnownFileType = sourcecode.swift; path = ViewMenu.swift; sourceTree = "<group>"; };
		33720F6129FA4D7B005CFF99 /* ViewRealmCtrl.swift */ = {isa = PBXFileReference; lastKnownFileType = sourcecode.swift; path = ViewRealmCtrl.swift; sourceTree = "<group>"; };
		3389B1A129EFB069009EA217 /* SelfLearnSpeak.app */ = {isa = PBXFileReference; explicitFileType = wrapper.application; includeInIndex = 0; path = SelfLearnSpeak.app; sourceTree = BUILT_PRODUCTS_DIR; };
		3389B1A429EFB069009EA217 /* SelfLearnSpeakApp.swift */ = {isa = PBXFileReference; lastKnownFileType = sourcecode.swift; path = SelfLearnSpeakApp.swift; sourceTree = "<group>"; };
		3389B1A629EFB069009EA217 /* ContentView.swift */ = {isa = PBXFileReference; lastKnownFileType = sourcecode.swift; path = ContentView.swift; sourceTree = "<group>"; };
		3389B1A829EFB06C009EA217 /* Assets.xcassets */ = {isa = PBXFileReference; lastKnownFileType = folder.assetcatalog; path = Assets.xcassets; sourceTree = "<group>"; };
		3389B1AB29EFB06C009EA217 /* Preview Assets.xcassets */ = {isa = PBXFileReference; lastKnownFileType = folder.assetcatalog; path = "Preview Assets.xcassets"; sourceTree = "<group>"; };
		3389B1BC29EFB88A009EA217 /* ViewWordsList.swift */ = {isa = PBXFileReference; lastKnownFileType = sourcecode.swift; path = ViewWordsList.swift; sourceTree = "<group>"; };
		33B0288329F110FD003B55AD /* EnvironmentModel.swift */ = {isa = PBXFileReference; lastKnownFileType = sourcecode.swift; path = EnvironmentModel.swift; sourceTree = "<group>"; };
		33B0288529F115AA003B55AD /* ViewWordsListInsert.swift */ = {isa = PBXFileReference; lastKnownFileType = sourcecode.swift; path = ViewWordsListInsert.swift; sourceTree = "<group>"; };
		33B0289229F29298003B55AD /* BaiduFanyiAPI.swift */ = {isa = PBXFileReference; lastKnownFileType = sourcecode.swift; path = BaiduFanyiAPI.swift; sourceTree = "<group>"; };
		33B0289429F29537003B55AD /* ItemDetailsView.swift */ = {isa = PBXFileReference; lastKnownFileType = sourcecode.swift; path = ItemDetailsView.swift; sourceTree = "<group>"; };
/* End PBXFileReference section */

/* Begin PBXFrameworksBuildPhase section */
		3389B19E29EFB069009EA217 /* Frameworks */ = {
			isa = PBXFrameworksBuildPhase;
			buildActionMask = 2147483647;
			files = (
				33B0288929F1294F003B55AD /* Alamofire in Frameworks */,
				3389B1B629EFB287009EA217 /* RealmSwift in Frameworks */,
				3389B1B429EFB287009EA217 /* Realm in Frameworks */,
				33B0289129F12CD7003B55AD /* CryptoSwift in Frameworks */,
				33B0288C29F12A27003B55AD /* Crypto in Frameworks */,
			);
			runOnlyForDeploymentPostprocessing = 0;
		};
/* End PBXFrameworksBuildPhase section */

/* Begin PBXGroup section */
		3389B19829EFB069009EA217 = {
			isa = PBXGroup;
			children = (
				3389B1A329EFB069009EA217 /* SelfLearnSpeak */,
				3389B1A229EFB069009EA217 /* Products */,
				33B0288729F1294F003B55AD /* Frameworks */,
			);
			sourceTree = "<group>";
		};
		3389B1A229EFB069009EA217 /* Products */ = {
			isa = PBXGroup;
			children = (
				3389B1A129EFB069009EA217 /* SelfLearnSpeak.app */,
			);
			name = Products;
			sourceTree = "<group>";
		};
		3389B1A329EFB069009EA217 /* SelfLearnSpeak */ = {
			isa = PBXGroup;
			children = (
				3389B1A429EFB069009EA217 /* SelfLearnSpeakApp.swift */,
				3389B1BC29EFB88A009EA217 /* ViewWordsList.swift */,
				33720F6129FA4D7B005CFF99 /* ViewRealmCtrl.swift */,
				33544ACD29F91A490038109E /* ViewMenu.swift */,
				33B0288529F115AA003B55AD /* ViewWordsListInsert.swift */,
				33B0289429F29537003B55AD /* ItemDetailsView.swift */,
				3303DE9029F7B57C00CD2E89 /* ViewTemplate.swift */,
				3389B1A629EFB069009EA217 /* ContentView.swift */,
				33B0289229F29298003B55AD /* BaiduFanyiAPI.swift */,
				3389B1A829EFB06C009EA217 /* Assets.xcassets */,
				33B0288329F110FD003B55AD /* EnvironmentModel.swift */,
				3389B1AA29EFB06C009EA217 /* Preview Content */,
			);
			path = SelfLearnSpeak;
			sourceTree = "<group>";
		};
		3389B1AA29EFB06C009EA217 /* Preview Content */ = {
			isa = PBXGroup;
			children = (
				3389B1AB29EFB06C009EA217 /* Preview Assets.xcassets */,
			);
			path = "Preview Content";
			sourceTree = "<group>";
		};
		33B0288729F1294F003B55AD /* Frameworks */ = {
			isa = PBXGroup;
			children = (
			);
			name = Frameworks;
			sourceTree = "<group>";
		};
/* End PBXGroup section */

/* Begin PBXNativeTarget section */
		3389B1A029EFB069009EA217 /* SelfLearnSpeak */ = {
			isa = PBXNativeTarget;
			buildConfigurationList = 3389B1AF29EFB06C009EA217 /* Build configuration list for PBXNativeTarget "SelfLearnSpeak" */;
			buildPhases = (
				3389B19D29EFB069009EA217 /* Sources */,
				3389B19E29EFB069009EA217 /* Frameworks */,
				3389B19F29EFB069009EA217 /* Resources */,
			);
			buildRules = (
			);
			dependencies = (
			);
			name = SelfLearnSpeak;
			packageProductDependencies = (
				3389B1B329EFB287009EA217 /* Realm */,
				3389B1B529EFB287009EA217 /* RealmSwift */,
				33B0288829F1294F003B55AD /* Alamofire */,
				33B0288B29F12A27003B55AD /* Crypto */,
				33B0289029F12CD7003B55AD /* CryptoSwift */,
			);
			productName = SelfLearnSpeak;
			productReference = 3389B1A129EFB069009EA217 /* SelfLearnSpeak.app */;
			productType = "com.apple.product-type.application";
		};
/* End PBXNativeTarget section */

/* Begin PBXProject section */
		3389B19929EFB069009EA217 /* Project object */ = {
			isa = PBXProject;
			attributes = {
				BuildIndependentTargetsInParallel = 1;
				LastSwiftUpdateCheck = 1420;
				LastUpgradeCheck = 1420;
				TargetAttributes = {
					3389B1A029EFB069009EA217 = {
						CreatedOnToolsVersion = 14.2;
					};
				};
			};
			buildConfigurationList = 3389B19C29EFB069009EA217 /* Build configuration list for PBXProject "SelfLearnSpeak" */;
			compatibilityVersion = "Xcode 14.0";
			developmentRegion = en;
			hasScannedForEncodings = 0;
			knownRegions = (
				en,
				Base,
			);
			mainGroup = 3389B19829EFB069009EA217;
			packageReferences = (
				3389B1B229EFB287009EA217 /* XCRemoteSwiftPackageReference "realm-swift" */,
				3389B1B729EFB2AE009EA217 /* XCRemoteSwiftPackageReference "Alamofire" */,
				33B0288A29F12A27003B55AD /* XCRemoteSwiftPackageReference "swift-crypto" */,
				33B0288F29F12CD7003B55AD /* XCRemoteSwiftPackageReference "CryptoSwift" */,
			);
			productRefGroup = 3389B1A229EFB069009EA217 /* Products */;
			projectDirPath = "";
			projectRoot = "";
			targets = (
				3389B1A029EFB069009EA217 /* SelfLearnSpeak */,
			);
		};
/* End PBXProject section */

/* Begin PBXResourcesBuildPhase section */
		3389B19F29EFB069009EA217 /* Resources */ = {
			isa = PBXResourcesBuildPhase;
			buildActionMask = 2147483647;
			files = (
				3389B1AC29EFB06C009EA217 /* Preview Assets.xcassets in Resources */,
				3389B1A929EFB06C009EA217 /* Assets.xcassets in Resources */,
			);
			runOnlyForDeploymentPostprocessing = 0;
		};
/* End PBXResourcesBuildPhase section */

/* Begin PBXSourcesBuildPhase section */
		3389B19D29EFB069009EA217 /* Sources */ = {
			isa = PBXSourcesBuildPhase;
			buildActionMask = 2147483647;
			files = (
				33B0289529F29537003B55AD /* ItemDetailsView.swift in Sources */,
				33544ACE29F91A490038109E /* ViewMenu.swift in Sources */,
				3389B1A729EFB069009EA217 /* ContentView.swift in Sources */,
				33B0288629F115AA003B55AD /* ViewWordsListInsert.swift in Sources */,
				3389B1BD29EFB88A009EA217 /* ViewWordsList.swift in Sources */,
				33720F6229FA4D7B005CFF99 /* ViewRealmCtrl.swift in Sources */,
				3303DE9129F7B57C00CD2E89 /* ViewTemplate.swift in Sources */,
				3389B1A529EFB069009EA217 /* SelfLearnSpeakApp.swift in Sources */,
				33B0289329F29298003B55AD /* BaiduFanyiAPI.swift in Sources */,
				33B0288429F110FD003B55AD /* EnvironmentModel.swift in Sources */,
			);
			runOnlyForDeploymentPostprocessing = 0;
		};
/* End PBXSourcesBuildPhase section */

/* Begin XCBuildConfiguration section */
		3389B1AD29EFB06C009EA217 /* Debug */ = {
			isa = XCBuildConfiguration;
			buildSettings = {
				ALWAYS_SEARCH_USER_PATHS = NO;
				CLANG_ANALYZER_NONNULL = YES;
				CLANG_ANALYZER_NUMBER_OBJECT_CONVERSION = YES_AGGRESSIVE;
				CLANG_CXX_LANGUAGE_STANDARD = "gnu++20";
				CLANG_ENABLE_MODULES = YES;
				CLANG_ENABLE_OBJC_ARC = YES;
				CLANG_ENABLE_OBJC_WEAK = YES;
				CLANG_WARN_BLOCK_CAPTURE_AUTORELEASING = YES;
				CLANG_WARN_BOOL_CONVERSION = YES;
				CLANG_WARN_COMMA = YES;
				CLANG_WARN_CONSTANT_CONVERSION = YES;
				CLANG_WARN_DEPRECATED_OBJC_IMPLEMENTATIONS = YES;
				CLANG_WARN_DIRECT_OBJC_ISA_USAGE = YES_ERROR;
				CLANG_WARN_DOCUMENTATION_COMMENTS = YES;
				CLANG_WARN_EMPTY_BODY = YES;
				CLANG_WARN_ENUM_CONVERSION = YES;
				CLANG_WARN_INFINITE_RECURSION = YES;
				CLANG_WARN_INT_CONVERSION = YES;
				CLANG_WARN_NON_LITERAL_NULL_CONVERSION = YES;
				CLANG_WARN_OBJC_IMPLICIT_RETAIN_SELF = YES;
				CLANG_WARN_OBJC_LITERAL_CONVERSION = YES;
				CLANG_WARN_OBJC_ROOT_CLASS = YES_ERROR;
				CLANG_WARN_QUOTED_INCLUDE_IN_FRAMEWORK_HEADER = YES;
				CLANG_WARN_RANGE_LOOP_ANALYSIS = YES;
				CLANG_WARN_STRICT_PROTOTYPES = YES;
				CLANG_WARN_SUSPICIOUS_MOVE = YES;
				CLANG_WARN_UNGUARDED_AVAILABILITY = YES_AGGRESSIVE;
				CLANG_WARN_UNREACHABLE_CODE = YES;
				CLANG_WARN__DUPLICATE_METHOD_MATCH = YES;
				COPY_PHASE_STRIP = NO;
				DEBUG_INFORMATION_FORMAT = dwarf;
				ENABLE_STRICT_OBJC_MSGSEND = YES;
				ENABLE_TESTABILITY = YES;
				GCC_C_LANGUAGE_STANDARD = gnu11;
				GCC_DYNAMIC_NO_PIC = NO;
				GCC_NO_COMMON_BLOCKS = YES;
				GCC_OPTIMIZATION_LEVEL = 0;
				GCC_PREPROCESSOR_DEFINITIONS = (
					"DEBUG=1",
					"$(inherited)",
				);
				GCC_WARN_64_TO_32_BIT_CONVERSION = YES;
				GCC_WARN_ABOUT_RETURN_TYPE = YES_ERROR;
				GCC_WARN_UNDECLARED_SELECTOR = YES;
				GCC_WARN_UNINITIALIZED_AUTOS = YES_AGGRESSIVE;
				GCC_WARN_UNUSED_FUNCTION = YES;
				GCC_WARN_UNUSED_VARIABLE = YES;
				IPHONEOS_DEPLOYMENT_TARGET = 16.2;
				MTL_ENABLE_DEBUG_INFO = INCLUDE_SOURCE;
				MTL_FAST_MATH = YES;
				ONLY_ACTIVE_ARCH = YES;
				SDKROOT = iphoneos;
				SWIFT_ACTIVE_COMPILATION_CONDITIONS = DEBUG;
				SWIFT_OPTIMIZATION_LEVEL = "-Onone";
			};
			name = Debug;
		};
		3389B1AE29EFB06C009EA217 /* Release */ = {
			isa = XCBuildConfiguration;
			buildSettings = {
				ALWAYS_SEARCH_USER_PATHS = NO;
				CLANG_ANALYZER_NONNULL = YES;
				CLANG_ANALYZER_NUMBER_OBJECT_CONVERSION = YES_AGGRESSIVE;
				CLANG_CXX_LANGUAGE_STANDARD = "gnu++20";
				CLANG_ENABLE_MODULES = YES;
				CLANG_ENABLE_OBJC_ARC = YES;
				CLANG_ENABLE_OBJC_WEAK = YES;
				CLANG_WARN_BLOCK_CAPTURE_AUTORELEASING = YES;
				CLANG_WARN_BOOL_CONVERSION = YES;
				CLANG_WARN_COMMA = YES;
				CLANG_WARN_CONSTANT_CONVERSION = YES;
				CLANG_WARN_DEPRECATED_OBJC_IMPLEMENTATIONS = YES;
				CLANG_WARN_DIRECT_OBJC_ISA_USAGE = YES_ERROR;
				CLANG_WARN_DOCUMENTATION_COMMENTS = YES;
				CLANG_WARN_EMPTY_BODY = YES;
				CLANG_WARN_ENUM_CONVERSION = YES;
				CLANG_WARN_INFINITE_RECURSION = YES;
				CLANG_WARN_INT_CONVERSION = YES;
				CLANG_WARN_NON_LITERAL_NULL_CONVERSION = YES;
				CLANG_WARN_OBJC_IMPLICIT_RETAIN_SELF = YES;
				CLANG_WARN_OBJC_LITERAL_CONVERSION = YES;
				CLANG_WARN_OBJC_ROOT_CLASS = YES_ERROR;
				CLANG_WARN_QUOTED_INCLUDE_IN_FRAMEWORK_HEADER = YES;
				CLANG_WARN_RANGE_LOOP_ANALYSIS = YES;
				CLANG_WARN_STRICT_PROTOTYPES = YES;
				CLANG_WARN_SUSPICIOUS_MOVE = YES;
				CLANG_WARN_UNGUARDED_AVAILABILITY = YES_AGGRESSIVE;
				CLANG_WARN_UNREACHABLE_CODE = YES;
				CLANG_WARN__DUPLICATE_METHOD_MATCH = YES;
				COPY_PHASE_STRIP = NO;
				DEBUG_INFORMATION_FORMAT = "dwarf-with-dsym";
				ENABLE_NS_ASSERTIONS = NO;
				ENABLE_STRICT_OBJC_MSGSEND = YES;
				GCC_C_LANGUAGE_STANDARD = gnu11;
				GCC_NO_COMMON_BLOCKS = YES;
				GCC_WARN_64_TO_32_BIT_CONVERSION = YES;
				GCC_WARN_ABOUT_RETURN_TYPE = YES_ERROR;
				GCC_WARN_UNDECLARED_SELECTOR = YES;
				GCC_WARN_UNINITIALIZED_AUTOS = YES_AGGRESSIVE;
				GCC_WARN_UNUSED_FUNCTION = YES;
				GCC_WARN_UNUSED_VARIABLE = YES;
				IPHONEOS_DEPLOYMENT_TARGET = 16.2;
				MTL_ENABLE_DEBUG_INFO = NO;
				MTL_FAST_MATH = YES;
				SDKROOT = iphoneos;
				SWIFT_COMPILATION_MODE = wholemodule;
				SWIFT_OPTIMIZATION_LEVEL = "-O";
				VALIDATE_PRODUCT = YES;
			};
			name = Release;
		};
		3389B1B029EFB06C009EA217 /* Debug */ = {
			isa = XCBuildConfiguration;
			buildSettings = {
				ASSETCATALOG_COMPILER_APPICON_NAME = AppIcon;
				ASSETCATALOG_COMPILER_GLOBAL_ACCENT_COLOR_NAME = AccentColor;
				CODE_SIGN_STYLE = Automatic;
				CURRENT_PROJECT_VERSION = 1;
				DEVELOPMENT_ASSET_PATHS = "\"SelfLearnSpeak/Preview Content\"";
				DEVELOPMENT_TEAM = V26H4FVB2P;
				ENABLE_PREVIEWS = YES;
				GENERATE_INFOPLIST_FILE = YES;
				INFOPLIST_KEY_UIApplicationSceneManifest_Generation = YES;
				INFOPLIST_KEY_UIApplicationSupportsIndirectInputEvents = YES;
				INFOPLIST_KEY_UILaunchScreen_Generation = YES;
				INFOPLIST_KEY_UISupportedInterfaceOrientations_iPad = "UIInterfaceOrientationPortrait UIInterfaceOrientationPortraitUpsideDown UIInterfaceOrientationLandscapeLeft UIInterfaceOrientationLandscapeRight";
				INFOPLIST_KEY_UISupportedInterfaceOrientations_iPhone = "UIInterfaceOrientationPortrait UIInterfaceOrientationLandscapeLeft UIInterfaceOrientationLandscapeRight";
				IPHONEOS_DEPLOYMENT_TARGET = 15.0;
				LD_RUNPATH_SEARCH_PATHS = (
					"$(inherited)",
					"@executable_path/Frameworks",
				);
				MARKETING_VERSION = 1.0;
				PRODUCT_BUNDLE_IDENTIFIER = com.orange.SelfLearnSpeak;
				PRODUCT_NAME = "$(TARGET_NAME)";
				SWIFT_EMIT_LOC_STRINGS = YES;
				SWIFT_VERSION = 5.0;
				TARGETED_DEVICE_FAMILY = "1,2";
			};
			name = Debug;
		};
		3389B1B129EFB06C009EA217 /* Release */ = {
			isa = XCBuildConfiguration;
			buildSettings = {
				ASSETCATALOG_COMPILER_APPICON_NAME = AppIcon;
				ASSETCATALOG_COMPILER_GLOBAL_ACCENT_COLOR_NAME = AccentColor;
				CODE_SIGN_STYLE = Automatic;
				CURRENT_PROJECT_VERSION = 1;
				DEVELOPMENT_ASSET_PATHS = "\"SelfLearnSpeak/Preview Content\"";
				DEVELOPMENT_TEAM = V26H4FVB2P;
				ENABLE_PREVIEWS = YES;
				GENERATE_INFOPLIST_FILE = YES;
				INFOPLIST_KEY_UIApplicationSceneManifest_Generation = YES;
				INFOPLIST_KEY_UIApplicationSupportsIndirectInputEvents = YES;
				INFOPLIST_KEY_UILaunchScreen_Generation = YES;
				INFOPLIST_KEY_UISupportedInterfaceOrientations_iPad = "UIInterfaceOrientationPortrait UIInterfaceOrientationPortraitUpsideDown UIInterfaceOrientationLandscapeLeft UIInterfaceOrientationLandscapeRight";
				INFOPLIST_KEY_UISupportedInterfaceOrientations_iPhone = "UIInterfaceOrientationPortrait UIInterfaceOrientationLandscapeLeft UIInterfaceOrientationLandscapeRight";
				IPHONEOS_DEPLOYMENT_TARGET = 15.0;
				LD_RUNPATH_SEARCH_PATHS = (
					"$(inherited)",
					"@executable_path/Frameworks",
				);
				MARKETING_VERSION = 1.0;
				PRODUCT_BUNDLE_IDENTIFIER = com.orange.SelfLearnSpeak;
				PRODUCT_NAME = "$(TARGET_NAME)";
				SWIFT_EMIT_LOC_STRINGS = YES;
				SWIFT_VERSION = 5.0;
				TARGETED_DEVICE_FAMILY = "1,2";
			};
			name = Release;
		};
/* End XCBuildConfiguration section */

/* Begin XCConfigurationList section */
		3389B19C29EFB069009EA217 /* Build configuration list for PBXProject "SelfLearnSpeak" */ = {
			isa = XCConfigurationList;
			buildConfigurations = (
				3389B1AD29EFB06C009EA217 /* Debug */,
				3389B1AE29EFB06C009EA217 /* Release */,
			);
			defaultConfigurationIsVisible = 0;
			defaultConfigurationName = Release;
		};
		3389B1AF29EFB06C009EA217 /* Build configuration list for PBXNativeTarget "SelfLearnSpeak" */ = {
			isa = XCConfigurationList;
			buildConfigurations = (
				3389B1B029EFB06C009EA217 /* Debug */,
				3389B1B129EFB06C009EA217 /* Release */,
			);
			defaultConfigurationIsVisible = 0;
			defaultConfigurationName = Release;
		};
/* End XCConfigurationList section */

/* Begin XCRemoteSwiftPackageReference section */
		3389B1B229EFB287009EA217 /* XCRemoteSwiftPackageReference "realm-swift" */ = {
			isa = XCRemoteSwiftPackageReference;
			repositoryURL = "https://github.com/realm/realm-swift.git";
			requirement = {
				branch = master;
				kind = branch;
			};
		};
		3389B1B729EFB2AE009EA217 /* XCRemoteSwiftPackageReference "Alamofire" */ = {
			isa = XCRemoteSwiftPackageReference;
			repositoryURL = "https://github.com/Alamofire/Alamofire";
			requirement = {
				kind = upToNextMajorVersion;
				minimumVersion = 5.0.0;
			};
		};
		33B0288A29F12A27003B55AD /* XCRemoteSwiftPackageReference "swift-crypto" */ = {
			isa = XCRemoteSwiftPackageReference;
			repositoryURL = "https://github.com/apple/swift-crypto.git";
			requirement = {
				kind = upToNextMajorVersion;
				minimumVersion = 2.0.0;
			};
		};
		33B0288F29F12CD7003B55AD /* XCRemoteSwiftPackageReference "CryptoSwift" */ = {
			isa = XCRemoteSwiftPackageReference;
			repositoryURL = "https://github.com/krzyzanowskim/CryptoSwift.git";
			requirement = {
				kind = upToNextMajorVersion;
				minimumVersion = 1.0.0;
			};
		};
/* End XCRemoteSwiftPackageReference section */

/* Begin XCSwiftPackageProductDependency section */
		3389B1B329EFB287009EA217 /* Realm */ = {
			isa = XCSwiftPackageProductDependency;
			package = 3389B1B229EFB287009EA217 /* XCRemoteSwiftPackageReference "realm-swift" */;
			productName = Realm;
		};
		3389B1B529EFB287009EA217 /* RealmSwift */ = {
			isa = XCSwiftPackageProductDependency;
			package = 3389B1B229EFB287009EA217 /* XCRemoteSwiftPackageReference "realm-swift" */;
			productName = RealmSwift;
		};
		33B0288829F1294F003B55AD /* Alamofire */ = {
			isa = XCSwiftPackageProductDependency;
			package = 3389B1B729EFB2AE009EA217 /* XCRemoteSwiftPackageReference "Alamofire" */;
			productName = Alamofire;
		};
		33B0288B29F12A27003B55AD /* Crypto */ = {
			isa = XCSwiftPackageProductDependency;
			package = 33B0288A29F12A27003B55AD /* XCRemoteSwiftPackageReference "swift-crypto" */;
			productName = Crypto;
		};
		33B0289029F12CD7003B55AD /* CryptoSwift */ = {
			isa = XCSwiftPackageProductDependency;
			package = 33B0288F29F12CD7003B55AD /* XCRemoteSwiftPackageReference "CryptoSwift" */;
			productName = CryptoSwift;
		};
/* End XCSwiftPackageProductDependency section */
	};
	rootObject = 3389B19929EFB069009EA217 /* Project object */;
}
